
Microsoft Visual Studio Solution File, Format Version 12.00
Project("{FAE04EC0-301F-11D3-BF4B-00C04F79EFBC}") = "TestTask.API", "TestTask.API\TestTask.API.csproj", "{A9B373E9-5332-4C88-87ED-CE64D4C2DA30}"
EndProject
Project("{FAE04EC0-301F-11D3-BF4B-00C04F79EFBC}") = "TestTask.GUI", "TestTask.GUI\TestTask.GUI.csproj", "{3C303C21-E956-4755-9225-B49F9567DDCF}"
EndProject
Global
	GlobalSection(SolutionConfigurationPlatforms) = preSolution
		Debug|Any CPU = Debug|Any CPU
		Release|Any CPU = Release|Any CPU
	EndGlobalSection
	GlobalSection(ProjectConfigurationPlatforms) = postSolution
		{A9B373E9-5332-4C88-87ED-CE64D4C2DA30}.Debug|Any CPU.ActiveCfg = Debug|Any CPU
		{A9B373E9-5332-4C88-87ED-CE64D4C2DA30}.Debug|Any CPU.Build.0 = Debug|Any CPU
		{A9B373E9-5332-4C88-87ED-CE64D4C2DA30}.Release|Any CPU.ActiveCfg = Release|Any CPU
		{A9B373E9-5332-4C88-87ED-CE64D4C2DA30}.Release|Any CPU.Build.0 = Release|Any CPU
		{3C303C21-E956-4755-9225-B49F9567DDCF}.Debug|Any CPU.ActiveCfg = Debug|Any CPU
		{3C303C21-E956-4755-9225-B49F9567DDCF}.Debug|Any CPU.Build.0 = Debug|Any CPU
		{3C303C21-E956-4755-9225-B49F9567DDCF}.Release|Any CPU.ActiveCfg = Release|Any CPU
		{3C303C21-E956-4755-9225-B49F9567DDCF}.Release|Any CPU.Build.0 = Release|Any CPU
	EndGlobalSection
EndGlobal
